
Microsoft Visual Studio Solution File, Format Version 12.00
# Visual Studio 15
VisualStudioVersion = 15.0.28307.421
MinimumVisualStudioVersion = 10.0.40219.1
Project("{9A19103F-16F7-4668-BE54-9A1E7A4F7556}") = "ValueGetter", "ValueGetter\ValueGetter.csproj", "{C9F839AA-251B-494C-8215-6FD6E4E130CB}"
EndProject
Project("{9A19103F-16F7-4668-BE54-9A1E7A4F7556}") = "ValueGetterTests", "ValueGetterTests\ValueGetterTests.csproj", "{A972056B-E6D4-4A59-8E0E-04884AC72A9C}"
EndProject
Project("{9A19103F-16F7-4668-BE54-9A1E7A4F7556}") = "BenchmarkTest", "BenchmarkTest\BenchmarkTest.csproj", "{9D45965E-3965-48BF-9FD4-617A98808391}"
EndProject
Project("{2150E333-8FDC-42A3-9474-1A3956D46DE8}") = "test", "test", "{FAA21525-3E45-4B2E-9B27-7C13E0725F70}"
EndProject
Project("{2150E333-8FDC-42A3-9474-1A3956D46DE8}") = "src", "src", "{3F740C74-981F-4CAD-83A3-E25E61A1720E}"
EndProject
Project("{2150E333-8FDC-42A3-9474-1A3956D46DE8}") = "Solution Items", "Solution Items", "{A466051E-512C-4E10-8BE6-37C9C94F0D1E}"
	ProjectSection(SolutionItems) = preProject
		.gitattributes = .gitattributes
		.gitignore = .gitignore
		LICENSE = LICENSE
		Readme.md = Readme.md
		Readme_zh-cn.md = Readme_zh-cn.md
	EndProjectSection
EndProject
Global
	GlobalSection(SolutionConfigurationPlatforms) = preSolution
		Debug|Any CPU = Debug|Any CPU
		Release|Any CPU = Release|Any CPU
	EndGlobalSection
	GlobalSection(ProjectConfigurationPlatforms) = postSolution
		{C9F839AA-251B-494C-8215-6FD6E4E130CB}.Debug|Any CPU.ActiveCfg = Debug|Any CPU
		{C9F839AA-251B-494C-8215-6FD6E4E130CB}.Debug|Any CPU.Build.0 = Debug|Any CPU
		{C9F839AA-251B-494C-8215-6FD6E4E130CB}.Release|Any CPU.ActiveCfg = Release|Any CPU
		{C9F839AA-251B-494C-8215-6FD6E4E130CB}.Release|Any CPU.Build.0 = Release|Any CPU
		{A972056B-E6D4-4A59-8E0E-04884AC72A9C}.Debug|Any CPU.ActiveCfg = Debug|Any CPU
		{A972056B-E6D4-4A59-8E0E-04884AC72A9C}.Debug|Any CPU.Build.0 = Debug|Any CPU
		{A972056B-E6D4-4A59-8E0E-04884AC72A9C}.Release|Any CPU.ActiveCfg = Release|Any CPU
		{A972056B-E6D4-4A59-8E0E-04884AC72A9C}.Release|Any CPU.Build.0 = Release|Any CPU
		{9D45965E-3965-48BF-9FD4-617A98808391}.Debug|Any CPU.ActiveCfg = Debug|Any CPU
		{9D45965E-3965-48BF-9FD4-617A98808391}.Debug|Any CPU.Build.0 = Debug|Any CPU
		{9D45965E-3965-48BF-9FD4-617A98808391}.Release|Any CPU.ActiveCfg = Release|Any CPU
		{9D45965E-3965-48BF-9FD4-617A98808391}.Release|Any CPU.Build.0 = Release|Any CPU
	EndGlobalSection
	GlobalSection(SolutionProperties) = preSolution
		HideSolutionNode = FALSE
	EndGlobalSection
	GlobalSection(NestedProjects) = preSolution
		{C9F839AA-251B-494C-8215-6FD6E4E130CB} = {3F740C74-981F-4CAD-83A3-E25E61A1720E}
		{A972056B-E6D4-4A59-8E0E-04884AC72A9C} = {FAA21525-3E45-4B2E-9B27-7C13E0725F70}
		{9D45965E-3965-48BF-9FD4-617A98808391} = {FAA21525-3E45-4B2E-9B27-7C13E0725F70}
	EndGlobalSection
	GlobalSection(ExtensibilityGlobals) = postSolution
		SolutionGuid = {5D4B9CF2-6C02-4F03-9CA3-BA18AC17339A}
	EndGlobalSection
EndGlobal
